
Microsoft Visual Studio Solution File, Format Version 12.00
# Visual Studio Version 17
VisualStudioVersion = 17.2.32526.322
MinimumVisualStudioVersion = 10.0.40219.1
Project("{9A19103F-16F7-4668-BE54-9A1E7A4F7556}") = "MekUpdater", "MekUpdater\MekUpdater.csproj", "{3F8794B6-A490-4FB8-9A56-8853511C6A3B}"
EndProject
Project("{2150E333-8FDC-42A3-9474-1A3956D46DE8}") = "Solution Items", "Solution Items", "{83C5B4A8-FA21-4386-BDF4-EC6C0098F41A}"
	ProjectSection(SolutionItems) = preProject
		.editorconfig = .editorconfig
	EndProjectSection
EndProject
Project("{9A19103F-16F7-4668-BE54-9A1E7A4F7556}") = "ExampleProject", "ExampleProject\ExampleProject.csproj", "{42BE25F8-06CF-4C00-8B74-121BDB4530D9}"
EndProject
Project("{9A19103F-16F7-4668-BE54-9A1E7A4F7556}") = "MekPathLibrary", "MekPathLibrary\MekPathLibrary.csproj", "{BEFC6C7D-5AA2-4ABE-8482-7C766ADCDE1B}"
EndProject
Project("{9A19103F-16F7-4668-BE54-9A1E7A4F7556}") = "MekPathLibraryTests", "MekPathLibraryTestsNew\MekPathLibraryTests.csproj", "{4CE00F48-EB9D-4F5E-B01D-DA2CE0F93E66}"
EndProject
Project("{2150E333-8FDC-42A3-9474-1A3956D46DE8}") = "Tests", "Tests", "{820A3208-E8B2-4F73-AAF4-8B282DB39ABA}"
EndProject
Project("{9A19103F-16F7-4668-BE54-9A1E7A4F7556}") = "MekUpdaterTests", "MekUpdaterTests\MekUpdaterTests.csproj", "{ABB43586-2E0D-4110-B2B6-D882FFA65C1B}"
EndProject
Project("{FAE04EC0-301F-11D3-BF4B-00C04F79EFBC}") = "TestingUI", "TestingUI\TestingUI.csproj", "{905E4B4A-6B5B-4BE4-8E72-16595B18EAF1}"
EndProject
Global
	GlobalSection(SolutionConfigurationPlatforms) = preSolution
		Debug|Any CPU = Debug|Any CPU
		Release|Any CPU = Release|Any CPU
	EndGlobalSection
	GlobalSection(ProjectConfigurationPlatforms) = postSolution
		{3F8794B6-A490-4FB8-9A56-8853511C6A3B}.Debug|Any CPU.ActiveCfg = Debug|Any CPU
		{3F8794B6-A490-4FB8-9A56-8853511C6A3B}.Debug|Any CPU.Build.0 = Debug|Any CPU
		{3F8794B6-A490-4FB8-9A56-8853511C6A3B}.Release|Any CPU.ActiveCfg = Release|Any CPU
		{3F8794B6-A490-4FB8-9A56-8853511C6A3B}.Release|Any CPU.Build.0 = Release|Any CPU
		{42BE25F8-06CF-4C00-8B74-121BDB4530D9}.Debug|Any CPU.ActiveCfg = Debug|Any CPU
		{42BE25F8-06CF-4C00-8B74-121BDB4530D9}.Debug|Any CPU.Build.0 = Debug|Any CPU
		{42BE25F8-06CF-4C00-8B74-121BDB4530D9}.Release|Any CPU.ActiveCfg = Release|Any CPU
		{42BE25F8-06CF-4C00-8B74-121BDB4530D9}.Release|Any CPU.Build.0 = Release|Any CPU
		{BEFC6C7D-5AA2-4ABE-8482-7C766ADCDE1B}.Debug|Any CPU.ActiveCfg = Debug|Any CPU
		{BEFC6C7D-5AA2-4ABE-8482-7C766ADCDE1B}.Debug|Any CPU.Build.0 = Debug|Any CPU
		{BEFC6C7D-5AA2-4ABE-8482-7C766ADCDE1B}.Release|Any CPU.ActiveCfg = Release|Any CPU
		{BEFC6C7D-5AA2-4ABE-8482-7C766ADCDE1B}.Release|Any CPU.Build.0 = Release|Any CPU
		{4CE00F48-EB9D-4F5E-B01D-DA2CE0F93E66}.Debug|Any CPU.ActiveCfg = Debug|Any CPU
		{4CE00F48-EB9D-4F5E-B01D-DA2CE0F93E66}.Debug|Any CPU.Build.0 = Debug|Any CPU
		{4CE00F48-EB9D-4F5E-B01D-DA2CE0F93E66}.Release|Any CPU.ActiveCfg = Release|Any CPU
		{4CE00F48-EB9D-4F5E-B01D-DA2CE0F93E66}.Release|Any CPU.Build.0 = Release|Any CPU
		{ABB43586-2E0D-4110-B2B6-D882FFA65C1B}.Debug|Any CPU.ActiveCfg = Debug|Any CPU
		{ABB43586-2E0D-4110-B2B6-D882FFA65C1B}.Debug|Any CPU.Build.0 = Debug|Any CPU
		{ABB43586-2E0D-4110-B2B6-D882FFA65C1B}.Release|Any CPU.ActiveCfg = Release|Any CPU
		{ABB43586-2E0D-4110-B2B6-D882FFA65C1B}.Release|Any CPU.Build.0 = Release|Any CPU
		{905E4B4A-6B5B-4BE4-8E72-16595B18EAF1}.Debug|Any CPU.ActiveCfg = Debug|Any CPU
		{905E4B4A-6B5B-4BE4-8E72-16595B18EAF1}.Debug|Any CPU.Build.0 = Debug|Any CPU
		{905E4B4A-6B5B-4BE4-8E72-16595B18EAF1}.Release|Any CPU.ActiveCfg = Release|Any CPU
		{905E4B4A-6B5B-4BE4-8E72-16595B18EAF1}.Release|Any CPU.Build.0 = Release|Any CPU
	EndGlobalSection
	GlobalSection(SolutionProperties) = preSolution
		HideSolutionNode = FALSE
	EndGlobalSection
	GlobalSection(ExtensibilityGlobals) = postSolution
		SolutionGuid = {477329D4-5D0C-4052-9FB4-2B635FF01CAE}
	EndGlobalSection
EndGlobal
